
Microsoft Visual Studio Solution File, Format Version 12.00
# Visual Studio 15
VisualStudioVersion = 15.0.27004.2006
MinimumVisualStudioVersion = 10.0.40219.1
Project("{FAE04EC0-301F-11D3-BF4B-00C04F79EFBC}") = "7-dec-2017-DragRace", "7-dec-2017-DragRace\7-dec-2017-DragRace.csproj", "{B9746E30-78D0-49B7-B602-03A532081C2E}"
EndProject
Global
	GlobalSection(SolutionConfigurationPlatforms) = preSolution
		Debug|Any CPU = Debug|Any CPU
		Release|Any CPU = Release|Any CPU
	EndGlobalSection
	GlobalSection(ProjectConfigurationPlatforms) = postSolution
		{B9746E30-78D0-49B7-B602-03A532081C2E}.Debug|Any CPU.ActiveCfg = Debug|Any CPU
		{B9746E30-78D0-49B7-B602-03A532081C2E}.Debug|Any CPU.Build.0 = Debug|Any CPU
		{B9746E30-78D0-49B7-B602-03A532081C2E}.Release|Any CPU.ActiveCfg = Release|Any CPU
		{B9746E30-78D0-49B7-B602-03A532081C2E}.Release|Any CPU.Build.0 = Release|Any CPU
	EndGlobalSection
	GlobalSection(SolutionProperties) = preSolution
		HideSolutionNode = FALSE
	EndGlobalSection
	GlobalSection(ExtensibilityGlobals) = postSolution
		SolutionGuid = {66BDFC24-E178-4B22-BC5E-1C7D3F5A9AA7}
	EndGlobalSection
EndGlobal
